
Microsoft Visual Studio Solution File, Format Version 12.00
# Visual Studio Version 16
VisualStudioVersion = 16.0.29324.140
MinimumVisualStudioVersion = 10.0.40219.1
Project("{FAE04EC0-301F-11D3-BF4B-00C04F79EFBC}") = "KruskalAlgoDemo", "KruskalAlgoDemo\KruskalAlgoDemo.csproj", "{56856ADC-F02F-467E-8EB3-55F5EDC7477A}"
EndProject
Project("{FAE04EC0-301F-11D3-BF4B-00C04F79EFBC}") = "PrimAlgoDemo", "PrimAlgoDemo\PrimAlgoDemo.csproj", "{94474544-C82C-4A55-BFD7-8D075E900091}"
EndProject
Project("{FAE04EC0-301F-11D3-BF4B-00C04F79EFBC}") = "DijkstraAlgoDemo", "DijkstraAlgoDemo\DijkstraAlgoDemo.csproj", "{A6CF8992-E723-4BB6-A806-F4A166111D9A}"
EndProject
Global
	GlobalSection(SolutionConfigurationPlatforms) = preSolution
		Debug|Any CPU = Debug|Any CPU
		Release|Any CPU = Release|Any CPU
	EndGlobalSection
	GlobalSection(ProjectConfigurationPlatforms) = postSolution
		{56856ADC-F02F-467E-8EB3-55F5EDC7477A}.Debug|Any CPU.ActiveCfg = Debug|Any CPU
		{56856ADC-F02F-467E-8EB3-55F5EDC7477A}.Debug|Any CPU.Build.0 = Debug|Any CPU
		{56856ADC-F02F-467E-8EB3-55F5EDC7477A}.Release|Any CPU.ActiveCfg = Release|Any CPU
		{56856ADC-F02F-467E-8EB3-55F5EDC7477A}.Release|Any CPU.Build.0 = Release|Any CPU
		{94474544-C82C-4A55-BFD7-8D075E900091}.Debug|Any CPU.ActiveCfg = Debug|Any CPU
		{94474544-C82C-4A55-BFD7-8D075E900091}.Debug|Any CPU.Build.0 = Debug|Any CPU
		{94474544-C82C-4A55-BFD7-8D075E900091}.Release|Any CPU.ActiveCfg = Release|Any CPU
		{94474544-C82C-4A55-BFD7-8D075E900091}.Release|Any CPU.Build.0 = Release|Any CPU
		{A6CF8992-E723-4BB6-A806-F4A166111D9A}.Debug|Any CPU.ActiveCfg = Debug|Any CPU
		{A6CF8992-E723-4BB6-A806-F4A166111D9A}.Debug|Any CPU.Build.0 = Debug|Any CPU
		{A6CF8992-E723-4BB6-A806-F4A166111D9A}.Release|Any CPU.ActiveCfg = Release|Any CPU
		{A6CF8992-E723-4BB6-A806-F4A166111D9A}.Release|Any CPU.Build.0 = Release|Any CPU
	EndGlobalSection
	GlobalSection(SolutionProperties) = preSolution
		HideSolutionNode = FALSE
	EndGlobalSection
	GlobalSection(ExtensibilityGlobals) = postSolution
		SolutionGuid = {209D668D-3AC9-4C3B-8FA2-7C772FBD3B9B}
	EndGlobalSection
EndGlobal
